{
  "name": "@poorest/markdown",
  "version": "2.1.0",
  "lockfileVersion": 1,
  "requires": true,
  "dependencies": {
    "@poorest/is": {
      "version": "2.1.0",
      "dependencies": {
        "@types/chai": {},
        "@types/mocha": {},
        "chai": {},
        "karma": {},
        "karma-chrome-launcher": {},
        "karma-firefox-launcher": {},
        "karma-ie-launcher": {},
        "karma-mocha": {},
        "karma-mocha-reporter": {},
        "mime-types": {},
        "mocha": {}
      }
    },
    "@types/highlight.js": {
      "version": "9.12.4",
      "resolved": "https://registry.npm.taobao.org/@types/highlight.js/download/@types/highlight.js-9.12.4.tgz",
      "integrity": "sha1-jDSWvRtQzASu79aRFAqlcdTb+jQ=",
      "dev": true
    },
    "@types/linkify-it": {
      "version": "3.0.1",
      "resolved": "https://registry.npm.taobao.org/@types/linkify-it/download/@types/linkify-it-3.0.1.tgz?cache=0&sync_timestamp=1615912689790&other_urls=https%3A%2F%2Fregistry.npm.taobao.org%2F%40types%2Flinkify-it%2Fdownload%2F%40types%2Flinkify-it-3.0.1.tgz",
      "integrity": "sha1-TSap7+OqLK+CkjTsWjlYD8iLYAE=",
      "dev": true
    },
    "@types/markdown-it": {
      "version": "12.0.1",
      "resolved": "https://registry.npm.taobao.org/@types/markdown-it/download/@types/markdown-it-12.0.1.tgz",
      "integrity": "sha1-g5Hhn+pHlv+GPt2lWADH5mm+s1g=",
      "dev": true,
      "requires": {
        "@types/highlight.js": "^9.7.0",
        "@types/linkify-it": "*",
        "@types/mdurl": "*"
      }
    },
    "@types/mdurl": {
      "version": "1.0.2",
      "resolved": "https://registry.npm.taobao.org/@types/mdurl/download/@types/mdurl-1.0.2.tgz",
      "integrity": "sha1-4s6dg6YTus8oTHvn1JGUXjnh+Ok=",
      "dev": true
    },
    "argparse": {
      "version": "1.0.10",
      "resolved": "https://registry.npm.taobao.org/argparse/download/argparse-1.0.10.tgz",
      "integrity": "sha1-vNZ5HqWuCXJeF+WtmIE0zUCz2RE=",
      "requires": {
        "sprintf-js": "~1.0.2"
      }
    },
    "commander": {
      "version": "2.20.3",
      "resolved": "https://registry.npm.taobao.org/commander/download/commander-2.20.3.tgz?cache=0&sync_timestamp=1616364569946&other_urls=https%3A%2F%2Fregistry.npm.taobao.org%2Fcommander%2Fdownload%2Fcommander-2.20.3.tgz",
      "integrity": "sha1-/UhehMA+tIgcIHIrpIA16FMa6zM="
    },
    "cssfilter": {
      "version": "0.0.10",
      "resolved": "https://registry.npm.taobao.org/cssfilter/download/cssfilter-0.0.10.tgz",
      "integrity": "sha1-xtJnJjKi5cg+AT5oZKQs6N79IK4="
    },
    "entities": {
      "version": "1.1.2",
      "resolved": "https://registry.npm.taobao.org/entities/download/entities-1.1.2.tgz",
      "integrity": "sha1-vfpzUplmTfr9NFKe1PhSKidf6lY="
    },
    "highlight.js": {
      "version": "10.7.2"
    },
    "linkify-it": {
      "version": "1.2.4",
      "resolved": "https://registry.npm.taobao.org/linkify-it/download/linkify-it-1.2.4.tgz",
      "integrity": "sha1-B3NSbDF8j9E71TTuHRgP+Iq/iBo=",
      "requires": {
        "uc.micro": "^1.0.1"
      }
    },
    "markdown-it": {
      "version": "4.4.0",
      "requires": {
        "argparse": "~1.0.2",
        "entities": "~1.1.1",
        "linkify-it": "~1.2.0",
        "mdurl": "~1.0.0",
        "uc.micro": "^1.0.0"
      }
    },
    "mdurl": {
      "version": "1.0.1",
      "resolved": "https://registry.npm.taobao.org/mdurl/download/mdurl-1.0.1.tgz",
      "integrity": "sha1-/oWy7HWlkDfyrf7BAP1sYBdhFS4="
    },
    "sprintf-js": {
      "version": "1.0.3",
      "resolved": "https://registry.npm.taobao.org/sprintf-js/download/sprintf-js-1.0.3.tgz",
      "integrity": "sha1-BOaSb2YolTVPPdAVIDYzuFcpfiw="
    },
    "uc.micro": {
      "version": "1.0.6",
      "resolved": "https://registry.npm.taobao.org/uc.micro/download/uc.micro-1.0.6.tgz",
      "integrity": "sha1-nEEagCpAmpH8bPdAgbq6NLJEmaw="
    },
    "xss": {
      "version": "1.0.8",
      "requires": {
        "commander": "^2.20.3",
        "cssfilter": "0.0.10"
      }
    }
  }
}
